{
  "name": "lefthook-git-hooks-folder-bug",
  "version": "1.0.0",
  "lockfileVersion": 2,
  "requires": true,
  "packages": {
    "": {
      "name": "lefthook-git-hooks-folder-bug",
      "version": "1.0.0",
      "license": "ISC",
      "devDependencies": {
        "lefthook": "^1.3.0",
        "prettier": "^2.8.4"
      }
    },
    "node_modules/lefthook": {
      "version": "1.3.0",
      "resolved": "https://registry.npmjs.org/lefthook/-/lefthook-1.3.0.tgz",
      "integrity": "sha512-dy/lGlmd3dfRzW94W2SRbgSls20klPJ1KBBo+okiSR3KVC/IW3ZhAg7A6KvDreJsjSilafcMluvKPseviHmv0Q==",
      "dev": true,
      "hasInstallScript": true,
      "bin": {
        "lefthook": "bin/index.js"
      },
      "optionalDependencies": {
        "lefthook-darwin-arm64": "1.3.0",
        "lefthook-darwin-x64": "1.3.0",
        "lefthook-freebsd-arm64": "1.3.0",
        "lefthook-freebsd-x64": "1.3.0",
        "lefthook-linux-arm64": "1.3.0",
        "lefthook-linux-x64": "1.3.0",
        "lefthook-windows-arm64": "1.3.0",
        "lefthook-windows-x64": "1.3.0"
      }
    },
    "node_modules/lefthook-darwin-arm64": {
      "version": "1.3.0",
      "resolved": "https://registry.npmjs.org/lefthook-darwin-arm64/-/lefthook-darwin-arm64-1.3.0.tgz",
      "integrity": "sha512-+/SOU9FEm/5h1H4P8A3d/LRRW/LBXWiTKEzgPE02CZrqow7oUnHJTyzWjhc735UrkLEscNOti3Sr+j62tPa04w==",
      "cpu": [
        "arm64"
      ],
      "dev": true,
      "optional": true,
      "os": [
        "darwin"
      ]
    },
    "node_modules/lefthook-darwin-x64": {
      "version": "1.3.0",
      "resolved": "https://registry.npmjs.org/lefthook-darwin-x64/-/lefthook-darwin-x64-1.3.0.tgz",
      "integrity": "sha512-/mjCpqSZQ2Abj2mdZYYc9wPO/132J8zIXtvSaAAKBElAC9mRAFvCawmdFqKdcRc66OxSaDMZwv8lxNa59wsgSQ==",
      "cpu": [
        "x64"
      ],
      "dev": true,
      "optional": true,
      "os": [
        "darwin"
      ]
    },
    "node_modules/lefthook-freebsd-arm64": {
      "version": "1.3.0",
      "resolved": "https://registry.npmjs.org/lefthook-freebsd-arm64/-/lefthook-freebsd-arm64-1.3.0.tgz",
      "integrity": "sha512-1Ssbk1vPNxF6XCcK7IOp4EZoYuLTm9ZlMMxOrfdT0Mfgc9NUYXbMnGixCUdW2GucMKY2R8e0L7Pq3Jm4lvtEnQ==",
      "cpu": [
        "arm64"
      ],
      "dev": true,
      "optional": true,
      "os": [
        "freebsd"
      ]
    },
    "node_modules/lefthook-freebsd-x64": {
      "version": "1.3.0",
      "resolved": "https://registry.npmjs.org/lefthook-freebsd-x64/-/lefthook-freebsd-x64-1.3.0.tgz",
      "integrity": "sha512-USUFJH2T+lfufTJ4eolUWu0WkdCFCWZG5LGCnMXSvkzN972cyhgwh67eRyaMlM61Pd/uOR1aA5Rlfv31cIPtVg==",
      "cpu": [
        "x64"
      ],
      "dev": true,
      "optional": true,
      "os": [
        "freebsd"
      ]
    },
    "node_modules/lefthook-linux-arm64": {
      "version": "1.3.0",
      "resolved": "https://registry.npmjs.org/lefthook-linux-arm64/-/lefthook-linux-arm64-1.3.0.tgz",
      "integrity": "sha512-25yT1wKwHY0ml9VS1wZbXKuyr4iroZJo9EMM5zlasS2d93bhIaZhcuoEgZsA33O8pGB9Jso246qkbM+9PkkFoA==",
      "cpu": [
        "arm64"
      ],
      "dev": true,
      "optional": true,
      "os": [
        "linux"
      ]
    },
    "node_modules/lefthook-linux-x64": {
      "version": "1.3.0",
      "resolved": "https://registry.npmjs.org/lefthook-linux-x64/-/lefthook-linux-x64-1.3.0.tgz",
      "integrity": "sha512-wmhOyOFmHP5U1dyrk5Fw2x5+Mxmh1OZ8jVMUY+8qa2EwKRsOxSCsMFRsQ8B0K4dI7zmtG4MzCCaayPS4MyKmAA==",
      "cpu": [
        "x64"
      ],
      "dev": true,
      "optional": true,
      "os": [
        "linux"
      ]
    },
    "node_modules/lefthook-windows-arm64": {
      "version": "1.3.0",
      "resolved": "https://registry.npmjs.org/lefthook-windows-arm64/-/lefthook-windows-arm64-1.3.0.tgz",
      "integrity": "sha512-jYSSS9bQoy08cC2SZ5wenRfvCkeN1Zc5fR2BkZj6kqSm7YYuZDzB2gQV1xXSieEKlXC49uc5S8CMMBQX0h8KdA==",
      "cpu": [
        "arm64"
      ],
      "dev": true,
      "optional": true,
      "os": [
        "win32"
      ]
    },
    "node_modules/lefthook-windows-x64": {
      "version": "1.3.0",
      "resolved": "https://registry.npmjs.org/lefthook-windows-x64/-/lefthook-windows-x64-1.3.0.tgz",
      "integrity": "sha512-n5f2mNGeknsGLveJAAfrQ1OnGMGx7cm5p8Xi5Su/uMSwM4NSCXG0LNwWZWVlhOaPjNw25ruk1LUe3doYL5OXEA==",
      "cpu": [
        "x64"
      ],
      "dev": true,
      "optional": true,
      "os": [
        "win32"
      ]
    },
    "node_modules/prettier": {
      "version": "2.8.4",
      "resolved": "https://registry.npmjs.org/prettier/-/prettier-2.8.4.tgz",
      "integrity": "sha512-vIS4Rlc2FNh0BySk3Wkd6xmwxB0FpOndW5fisM5H8hsZSxU2VWVB5CWIkIjWvrHjIhxk2g3bfMKM87zNTrZddw==",
      "dev": true,
      "bin": {
        "prettier": "bin-prettier.js"
      },
      "engines": {
        "node": ">=10.13.0"
      },
      "funding": {
        "url": "https://github.com/prettier/prettier?sponsor=1"
      }
    }
  },
  "dependencies": {
    "lefthook": {
      "version": "1.3.0",
      "resolved": "https://registry.npmjs.org/lefthook/-/lefthook-1.3.0.tgz",
      "integrity": "sha512-dy/lGlmd3dfRzW94W2SRbgSls20klPJ1KBBo+okiSR3KVC/IW3ZhAg7A6KvDreJsjSilafcMluvKPseviHmv0Q==",
      "dev": true,
      "requires": {
        "lefthook-darwin-arm64": "1.3.0",
        "lefthook-darwin-x64": "1.3.0",
        "lefthook-freebsd-arm64": "1.3.0",
        "lefthook-freebsd-x64": "1.3.0",
        "lefthook-linux-arm64": "1.3.0",
        "lefthook-linux-x64": "1.3.0",
        "lefthook-windows-arm64": "1.3.0",
        "lefthook-windows-x64": "1.3.0"
      }
    },
    "lefthook-darwin-arm64": {
      "version": "1.3.0",
      "resolved": "https://registry.npmjs.org/lefthook-darwin-arm64/-/lefthook-darwin-arm64-1.3.0.tgz",
      "integrity": "sha512-+/SOU9FEm/5h1H4P8A3d/LRRW/LBXWiTKEzgPE02CZrqow7oUnHJTyzWjhc735UrkLEscNOti3Sr+j62tPa04w==",
      "dev": true,
      "optional": true
    },
    "lefthook-darwin-x64": {
      "version": "1.3.0",
      "resolved": "https://registry.npmjs.org/lefthook-darwin-x64/-/lefthook-darwin-x64-1.3.0.tgz",
      "integrity": "sha512-/mjCpqSZQ2Abj2mdZYYc9wPO/132J8zIXtvSaAAKBElAC9mRAFvCawmdFqKdcRc66OxSaDMZwv8lxNa59wsgSQ==",
      "dev": true,
      "optional": true
    },
    "lefthook-freebsd-arm64": {
      "version": "1.3.0",
      "resolved": "https://registry.npmjs.org/lefthook-freebsd-arm64/-/lefthook-freebsd-arm64-1.3.0.tgz",
      "integrity": "sha512-1Ssbk1vPNxF6XCcK7IOp4EZoYuLTm9ZlMMxOrfdT0Mfgc9NUYXbMnGixCUdW2GucMKY2R8e0L7Pq3Jm4lvtEnQ==",
      "dev": true,
      "optional": true
    },
    "lefthook-freebsd-x64": {
      "version": "1.3.0",
      "resolved": "https://registry.npmjs.org/lefthook-freebsd-x64/-/lefthook-freebsd-x64-1.3.0.tgz",
      "integrity": "sha512-USUFJH2T+lfufTJ4eolUWu0WkdCFCWZG5LGCnMXSvkzN972cyhgwh67eRyaMlM61Pd/uOR1aA5Rlfv31cIPtVg==",
      "dev": true,
      "optional": true
    },
    "lefthook-linux-arm64": {
      "version": "1.3.0",
      "resolved": "https://registry.npmjs.org/lefthook-linux-arm64/-/lefthook-linux-arm64-1.3.0.tgz",
      "integrity": "sha512-25yT1wKwHY0ml9VS1wZbXKuyr4iroZJo9EMM5zlasS2d93bhIaZhcuoEgZsA33O8pGB9Jso246qkbM+9PkkFoA==",
      "dev": true,
      "optional": true
    },
    "lefthook-linux-x64": {
      "version": "1.3.0",
      "resolved": "https://registry.npmjs.org/lefthook-linux-x64/-/lefthook-linux-x64-1.3.0.tgz",
      "integrity": "sha512-wmhOyOFmHP5U1dyrk5Fw2x5+Mxmh1OZ8jVMUY+8qa2EwKRsOxSCsMFRsQ8B0K4dI7zmtG4MzCCaayPS4MyKmAA==",
      "dev": true,
      "optional": true
    },
    "lefthook-windows-arm64": {
      "version": "1.3.0",
      "resolved": "https://registry.npmjs.org/lefthook-windows-arm64/-/lefthook-windows-arm64-1.3.0.tgz",
      "integrity": "sha512-jYSSS9bQoy08cC2SZ5wenRfvCkeN1Zc5fR2BkZj6kqSm7YYuZDzB2gQV1xXSieEKlXC49uc5S8CMMBQX0h8KdA==",
      "dev": true,
      "optional": true
    },
    "lefthook-windows-x64": {
      "version": "1.3.0",
      "resolved": "https://registry.npmjs.org/lefthook-windows-x64/-/lefthook-windows-x64-1.3.0.tgz",
      "integrity": "sha512-n5f2mNGeknsGLveJAAfrQ1OnGMGx7cm5p8Xi5Su/uMSwM4NSCXG0LNwWZWVlhOaPjNw25ruk1LUe3doYL5OXEA==",
      "dev": true,
      "optional": true
    },
    "prettier": {
      "version": "2.8.4",
      "resolved": "https://registry.npmjs.org/prettier/-/prettier-2.8.4.tgz",
      "integrity": "sha512-vIS4Rlc2FNh0BySk3Wkd6xmwxB0FpOndW5fisM5H8hsZSxU2VWVB5CWIkIjWvrHjIhxk2g3bfMKM87zNTrZddw==",
      "dev": true
    }
  }
}
